
Microsoft Visual Studio Solution File, Format Version 12.00
Project("{FAE04EC0-301F-11D3-BF4B-00C04F79EFBC}") = "API", "API.csproj", "{EE0EC29F-4655-495B-8D27-05D8380F57B5}"
EndProject
Global
	GlobalSection(SolutionConfigurationPlatforms) = preSolution
		Debug|Any CPU = Debug|Any CPU
		Release|Any CPU = Release|Any CPU
	EndGlobalSection
	GlobalSection(ProjectConfigurationPlatforms) = postSolution
		{EE0EC29F-4655-495B-8D27-05D8380F57B5}.Debug|Any CPU.ActiveCfg = Debug|Any CPU
		{EE0EC29F-4655-495B-8D27-05D8380F57B5}.Debug|Any CPU.Build.0 = Debug|Any CPU
		{EE0EC29F-4655-495B-8D27-05D8380F57B5}.Release|Any CPU.ActiveCfg = Release|Any CPU
		{EE0EC29F-4655-495B-8D27-05D8380F57B5}.Release|Any CPU.Build.0 = Release|Any CPU
	EndGlobalSection
EndGlobal
